
Microsoft Visual Studio Solution File, Format Version 12.00
# Visual Studio 15
VisualStudioVersion = 15.0.28307.489
MinimumVisualStudioVersion = 10.0.40219.1
Project("{8BC9CEB8-8B4A-11D0-8D11-00A0C91BC942}") = "CK_API_Homework", "CK_API_Homework\CK_API_Homework.vcxproj", "{54561D8B-831B-4053-9C13-4E89CD95D5C9}"
EndProject
Global
	GlobalSection(SolutionConfigurationPlatforms) = preSolution
		Debug|x64 = Debug|x64
		Debug|x86 = Debug|x86
		Release|x64 = Release|x64
		Release|x86 = Release|x86
	EndGlobalSection
	GlobalSection(ProjectConfigurationPlatforms) = postSolution
		{54561D8B-831B-4053-9C13-4E89CD95D5C9}.Debug|x64.ActiveCfg = Debug|x64
		{54561D8B-831B-4053-9C13-4E89CD95D5C9}.Debug|x64.Build.0 = Debug|x64
		{54561D8B-831B-4053-9C13-4E89CD95D5C9}.Debug|x86.ActiveCfg = Debug|Win32
		{54561D8B-831B-4053-9C13-4E89CD95D5C9}.Debug|x86.Build.0 = Debug|Win32
		{54561D8B-831B-4053-9C13-4E89CD95D5C9}.Release|x64.ActiveCfg = Release|x64
		{54561D8B-831B-4053-9C13-4E89CD95D5C9}.Release|x64.Build.0 = Release|x64
		{54561D8B-831B-4053-9C13-4E89CD95D5C9}.Release|x86.ActiveCfg = Release|Win32
		{54561D8B-831B-4053-9C13-4E89CD95D5C9}.Release|x86.Build.0 = Release|Win32
	EndGlobalSection
	GlobalSection(SolutionProperties) = preSolution
		HideSolutionNode = FALSE
	EndGlobalSection
	GlobalSection(ExtensibilityGlobals) = postSolution
		SolutionGuid = {A600702F-9E92-471A-A2CF-40956044BE01}
	EndGlobalSection
EndGlobal
